
Microsoft Visual Studio Solution File, Format Version 12.00
# Visual Studio Version 16
VisualStudioVersion = 16.0.31829.152
MinimumVisualStudioVersion = 10.0.40219.1
Project("{9A19103F-16F7-4668-BE54-9A1E7A4F7556}") = "Northwind.WebApiLayer", "Northwind.WebApiLayer\Northwind.WebApiLayer.csproj", "{ABE0432C-EE9F-4E73-A38E-BA33129961B9}"
EndProject
Project("{9A19103F-16F7-4668-BE54-9A1E7A4F7556}") = "Northwind.EntityLayer", "Northwind.EntityLayer\Northwind.EntityLayer.csproj", "{08DE6FE7-2483-4071-99EA-5548B6718123}"
EndProject
Project("{9A19103F-16F7-4668-BE54-9A1E7A4F7556}") = "Northwind.DataAccessLayer", "Northwind.DataAccessLayer\Northwind.DataAccessLayer.csproj", "{99AD1338-F90C-4356-8C28-49E4151C0AAF}"
EndProject
Project("{9A19103F-16F7-4668-BE54-9A1E7A4F7556}") = "Northwind.InterfaceLayer", "Northwind.InterfaceLayer\Northwind.InterfaceLayer.csproj", "{007F3CDA-2CAA-4F80-BDFE-93E1F35244EB}"
EndProject
Project("{9A19103F-16F7-4668-BE54-9A1E7A4F7556}") = "Northwind.BusinessLogicLayer", "Northwind.BusinessLogicLayer\Northwind.BusinessLogicLayer.csproj", "{269FF348-AE04-440D-A894-AF49524035F9}"
EndProject
Global
	GlobalSection(SolutionConfigurationPlatforms) = preSolution
		Debug|Any CPU = Debug|Any CPU
		Release|Any CPU = Release|Any CPU
	EndGlobalSection
	GlobalSection(ProjectConfigurationPlatforms) = postSolution
		{ABE0432C-EE9F-4E73-A38E-BA33129961B9}.Debug|Any CPU.ActiveCfg = Debug|Any CPU
		{ABE0432C-EE9F-4E73-A38E-BA33129961B9}.Debug|Any CPU.Build.0 = Debug|Any CPU
		{ABE0432C-EE9F-4E73-A38E-BA33129961B9}.Release|Any CPU.ActiveCfg = Release|Any CPU
		{ABE0432C-EE9F-4E73-A38E-BA33129961B9}.Release|Any CPU.Build.0 = Release|Any CPU
		{08DE6FE7-2483-4071-99EA-5548B6718123}.Debug|Any CPU.ActiveCfg = Debug|Any CPU
		{08DE6FE7-2483-4071-99EA-5548B6718123}.Debug|Any CPU.Build.0 = Debug|Any CPU
		{08DE6FE7-2483-4071-99EA-5548B6718123}.Release|Any CPU.ActiveCfg = Release|Any CPU
		{08DE6FE7-2483-4071-99EA-5548B6718123}.Release|Any CPU.Build.0 = Release|Any CPU
		{99AD1338-F90C-4356-8C28-49E4151C0AAF}.Debug|Any CPU.ActiveCfg = Debug|Any CPU
		{99AD1338-F90C-4356-8C28-49E4151C0AAF}.Debug|Any CPU.Build.0 = Debug|Any CPU
		{99AD1338-F90C-4356-8C28-49E4151C0AAF}.Release|Any CPU.ActiveCfg = Release|Any CPU
		{99AD1338-F90C-4356-8C28-49E4151C0AAF}.Release|Any CPU.Build.0 = Release|Any CPU
		{007F3CDA-2CAA-4F80-BDFE-93E1F35244EB}.Debug|Any CPU.ActiveCfg = Debug|Any CPU
		{007F3CDA-2CAA-4F80-BDFE-93E1F35244EB}.Debug|Any CPU.Build.0 = Debug|Any CPU
		{007F3CDA-2CAA-4F80-BDFE-93E1F35244EB}.Release|Any CPU.ActiveCfg = Release|Any CPU
		{007F3CDA-2CAA-4F80-BDFE-93E1F35244EB}.Release|Any CPU.Build.0 = Release|Any CPU
		{269FF348-AE04-440D-A894-AF49524035F9}.Debug|Any CPU.ActiveCfg = Debug|Any CPU
		{269FF348-AE04-440D-A894-AF49524035F9}.Debug|Any CPU.Build.0 = Debug|Any CPU
		{269FF348-AE04-440D-A894-AF49524035F9}.Release|Any CPU.ActiveCfg = Release|Any CPU
		{269FF348-AE04-440D-A894-AF49524035F9}.Release|Any CPU.Build.0 = Release|Any CPU
	EndGlobalSection
	GlobalSection(SolutionProperties) = preSolution
		HideSolutionNode = FALSE
	EndGlobalSection
	GlobalSection(ExtensibilityGlobals) = postSolution
		SolutionGuid = {AE10F0C8-03C6-4099-AD0B-ABBA74A1670C}
	EndGlobalSection
EndGlobal
